
Microsoft Visual Studio Solution File, Format Version 12.00
# Visual Studio Version 17
VisualStudioVersion = 17.0.31903.59
MinimumVisualStudioVersion = 10.0.40219.1
Project("{9A19103F-16F7-4668-BE54-9A1E7A4F7556}") = "CheatDemoUnlocker", "CheatDemoUnlocker\CheatDemoUnlocker.csproj", "{EA817A66-B866-49A2-9994-8ED1A18F9B47}"
EndProject
Project("{9A19103F-16F7-4668-BE54-9A1E7A4F7556}") = "ZipRest", "ZipRest\ZipRest.csproj", "{E58044C8-684D-4949-A4F8-62388CC4700A}"
	ProjectSection(ProjectDependencies) = postProject
		{AB5DBF6D-7CC5-4DC9-B3C7-3E0C0C079E78} = {AB5DBF6D-7CC5-4DC9-B3C7-3E0C0C079E78}
		{EA817A66-B866-49A2-9994-8ED1A18F9B47} = {EA817A66-B866-49A2-9994-8ED1A18F9B47}
	EndProjectSection
EndProject
Project("{2150E333-8FDC-42A3-9474-1A3956D46DE8}") = "Solution Items", "Solution Items", "{762217C3-5A9D-4668-A8DD-3D33846AC114}"
	ProjectSection(SolutionItems) = preProject
		README.md = README.md
	EndProjectSection
EndProject
Project("{9A19103F-16F7-4668-BE54-9A1E7A4F7556}") = "CheatProgressSpeed", "CheatProgressSpeed\CheatProgressSpeed.csproj", "{AB5DBF6D-7CC5-4DC9-B3C7-3E0C0C079E78}"
EndProject
Global
	GlobalSection(SolutionConfigurationPlatforms) = preSolution
		Debug|Any CPU = Debug|Any CPU
		Release|Any CPU = Release|Any CPU
	EndGlobalSection
	GlobalSection(ProjectConfigurationPlatforms) = postSolution
		{EA817A66-B866-49A2-9994-8ED1A18F9B47}.Debug|Any CPU.ActiveCfg = Debug|Any CPU
		{EA817A66-B866-49A2-9994-8ED1A18F9B47}.Debug|Any CPU.Build.0 = Debug|Any CPU
		{EA817A66-B866-49A2-9994-8ED1A18F9B47}.Release|Any CPU.ActiveCfg = Release|Any CPU
		{EA817A66-B866-49A2-9994-8ED1A18F9B47}.Release|Any CPU.Build.0 = Release|Any CPU
		{E58044C8-684D-4949-A4F8-62388CC4700A}.Debug|Any CPU.ActiveCfg = Debug|Any CPU
		{E58044C8-684D-4949-A4F8-62388CC4700A}.Debug|Any CPU.Build.0 = Debug|Any CPU
		{E58044C8-684D-4949-A4F8-62388CC4700A}.Release|Any CPU.ActiveCfg = Release|Any CPU
		{E58044C8-684D-4949-A4F8-62388CC4700A}.Release|Any CPU.Build.0 = Release|Any CPU
		{AB5DBF6D-7CC5-4DC9-B3C7-3E0C0C079E78}.Debug|Any CPU.ActiveCfg = Debug|Any CPU
		{AB5DBF6D-7CC5-4DC9-B3C7-3E0C0C079E78}.Debug|Any CPU.Build.0 = Debug|Any CPU
		{AB5DBF6D-7CC5-4DC9-B3C7-3E0C0C079E78}.Release|Any CPU.ActiveCfg = Release|Any CPU
		{AB5DBF6D-7CC5-4DC9-B3C7-3E0C0C079E78}.Release|Any CPU.Build.0 = Release|Any CPU
	EndGlobalSection
	GlobalSection(SolutionProperties) = preSolution
		HideSolutionNode = FALSE
	EndGlobalSection
	GlobalSection(ExtensibilityGlobals) = postSolution
		SolutionGuid = {CC4327CC-D996-4F05-928D-5DAC2DB732B6}
	EndGlobalSection
EndGlobal
