
Microsoft Visual Studio Solution File, Format Version 12.00
# Visual Studio Version 17
VisualStudioVersion = 17.0.31903.59
MinimumVisualStudioVersion = 10.0.40219.1
Project("{9A19103F-16F7-4668-BE54-9A1E7A4F7556}") = "CheatDemoUnlocker", "CheatDemoUnlocker\CheatDemoUnlocker.csproj", "{EA817A66-B866-49A2-9994-8ED1A18F9B47}"
EndProject
Project("{9A19103F-16F7-4668-BE54-9A1E7A4F7556}") = "ZipRest", "ZipRest\ZipRest.csproj", "{E58044C8-684D-4949-A4F8-62388CC4700A}"
	ProjectSection(ProjectDependencies) = postProject
		{2165A9AE-D505-46B0-9257-C762A42B2971} = {2165A9AE-D505-46B0-9257-C762A42B2971}
		{2434F5BC-4FF4-4DBE-AB69-75C6CA2C57A2} = {2434F5BC-4FF4-4DBE-AB69-75C6CA2C57A2}
		{2E3D882F-8CBA-40C2-9E33-E6F54FA63B8A} = {2E3D882F-8CBA-40C2-9E33-E6F54FA63B8A}
		{471B97AD-9572-49F7-B22B-1D550C2CE4E6} = {471B97AD-9572-49F7-B22B-1D550C2CE4E6}
		{5997288B-C4A4-48F6-A37E-F1B6366A2297} = {5997288B-C4A4-48F6-A37E-F1B6366A2297}
		{635F05AD-81BA-48E1-B177-CB5DC4877745} = {635F05AD-81BA-48E1-B177-CB5DC4877745}
		{73D50B9B-498D-4EBD-9C32-F0AE38B20597} = {73D50B9B-498D-4EBD-9C32-F0AE38B20597}
		{7872F059-93D9-4566-A59C-7483FF0456E7} = {7872F059-93D9-4566-A59C-7483FF0456E7}
		{7E940243-A151-4CD7-98F4-BD66F3B33945} = {7E940243-A151-4CD7-98F4-BD66F3B33945}
		{8F76FEB9-B66E-40FB-8BF6-F0B3D20BDB64} = {8F76FEB9-B66E-40FB-8BF6-F0B3D20BDB64}
		{9BA4A2BC-F2D5-4DEE-A43C-05FB1307C254} = {9BA4A2BC-F2D5-4DEE-A43C-05FB1307C254}
		{A393174F-C14A-4F97-8F99-EC06B02DE338} = {A393174F-C14A-4F97-8F99-EC06B02DE338}
		{A8F35088-EDDC-443C-9633-F5A68922CA85} = {A8F35088-EDDC-443C-9633-F5A68922CA85}
		{AB5DBF6D-7CC5-4DC9-B3C7-3E0C0C079E78} = {AB5DBF6D-7CC5-4DC9-B3C7-3E0C0C079E78}
		{C17479B2-DFC8-46EF-AA88-5E3988DB1DD1} = {C17479B2-DFC8-46EF-AA88-5E3988DB1DD1}
		{C98AC232-0668-4FE4-9374-83431B0BAA80} = {C98AC232-0668-4FE4-9374-83431B0BAA80}
		{DB7F97CB-7F0D-427E-8E6F-F34F115B8A17} = {DB7F97CB-7F0D-427E-8E6F-F34F115B8A17}
		{EA817A66-B866-49A2-9994-8ED1A18F9B47} = {EA817A66-B866-49A2-9994-8ED1A18F9B47}
		{F2978D74-1388-447F-81A3-EEF3F845FC46} = {F2978D74-1388-447F-81A3-EEF3F845FC46}
	EndProjectSection
EndProject
Project("{2150E333-8FDC-42A3-9474-1A3956D46DE8}") = "Solution Items", "Solution Items", "{762217C3-5A9D-4668-A8DD-3D33846AC114}"
	ProjectSection(SolutionItems) = preProject
		README.md = README.md
	EndProjectSection
EndProject
Project("{9A19103F-16F7-4668-BE54-9A1E7A4F7556}") = "CheatProgressSpeed", "CheatProgressSpeed\CheatProgressSpeed.csproj", "{AB5DBF6D-7CC5-4DC9-B3C7-3E0C0C079E78}"
EndProject
Project("{9A19103F-16F7-4668-BE54-9A1E7A4F7556}") = "MiscDebug", "MiscDebug\MiscDebug.csproj", "{8F76FEB9-B66E-40FB-8BF6-F0B3D20BDB64}"
EndProject
Project("{9A19103F-16F7-4668-BE54-9A1E7A4F7556}") = "FeatProductionLimiter", "FeatProductionLimiter\FeatProductionLimiter.csproj", "{2E3D882F-8CBA-40C2-9E33-E6F54FA63B8A}"
EndProject
Project("{9A19103F-16F7-4668-BE54-9A1E7A4F7556}") = "CheatEndlessResources", "CheatEndlessResources\CheatEndlessResources.csproj", "{2434F5BC-4FF4-4DBE-AB69-75C6CA2C57A2}"
EndProject
Project("{9A19103F-16F7-4668-BE54-9A1E7A4F7556}") = "FeatAddCityNames", "FeatAddCityNames\FeatAddCityNames.csproj", "{F2978D74-1388-447F-81A3-EEF3F845FC46}"
EndProject
Project("{9A19103F-16F7-4668-BE54-9A1E7A4F7556}") = "UITranslationHungarian", "UITranslationHungarian\UITranslationHungarian.csproj", "{A8F35088-EDDC-443C-9633-F5A68922CA85}"
EndProject
Project("{9A19103F-16F7-4668-BE54-9A1E7A4F7556}") = "FeatMoreCities", "FeatMoreCities\FeatMoreCities.csproj", "{7872F059-93D9-4566-A59C-7483FF0456E7}"
EndProject
Project("{9A19103F-16F7-4668-BE54-9A1E7A4F7556}") = "FeatMoreOreFields", "FeatMoreOreFields\FeatMoreOreFields.csproj", "{C98AC232-0668-4FE4-9374-83431B0BAA80}"
EndProject
Project("{9A19103F-16F7-4668-BE54-9A1E7A4F7556}") = "CheatEditOreCells", "CheatEditOreCells\CheatEditOreCells.csproj", "{73D50B9B-498D-4EBD-9C32-F0AE38B20597}"
EndProject
Project("{9A19103F-16F7-4668-BE54-9A1E7A4F7556}") = "CheatBuildIceExtractorsAnywhere", "CheatBuildIceExtractorsAnywhere\CheatBuildIceExtractorsAnywhere.csproj", "{2165A9AE-D505-46B0-9257-C762A42B2971}"
EndProject
Project("{9A19103F-16F7-4668-BE54-9A1E7A4F7556}") = "FeatNavigateToPOI", "FeatNavigateToPOI\FeatNavigateToPOI.csproj", "{635F05AD-81BA-48E1-B177-CB5DC4877745}"
EndProject
Project("{9A19103F-16F7-4668-BE54-9A1E7A4F7556}") = "FeatGotoExhaustedExtractors", "FeatGotoExhaustedExtractors\FeatGotoExhaustedExtractors.csproj", "{5997288B-C4A4-48F6-A37E-F1B6366A2297}"
EndProject
Project("{9A19103F-16F7-4668-BE54-9A1E7A4F7556}") = "FeatDisableBuilding", "FeatDisableBuilding\FeatDisableBuilding.csproj", "{C17479B2-DFC8-46EF-AA88-5E3988DB1DD1}"
EndProject
Project("{9A19103F-16F7-4668-BE54-9A1E7A4F7556}") = "FeatProductionStats", "FeatProductionStats\FeatProductionStats.csproj", "{DB7F97CB-7F0D-427E-8E6F-F34F115B8A17}"
EndProject
Project("{9A19103F-16F7-4668-BE54-9A1E7A4F7556}") = "LibCommon", "LibCommon\LibCommon.csproj", "{7E940243-A151-4CD7-98F4-BD66F3B33945}"
EndProject
Project("{9A19103F-16F7-4668-BE54-9A1E7A4F7556}") = "UILiveGUIScaler", "UILiveGUIScaler\UILiveGUIScaler.csproj", "{A393174F-C14A-4F97-8F99-EC06B02DE338}"
EndProject
Project("{9A19103F-16F7-4668-BE54-9A1E7A4F7556}") = "UIMoreQualitySettings", "UIMoreQualitySettings\UIMoreQualitySettings.csproj", "{9BA4A2BC-F2D5-4DEE-A43C-05FB1307C254}"
EndProject
Project("{9A19103F-16F7-4668-BE54-9A1E7A4F7556}") = "FeatCityPopulationLabel", "FeatCityPopulationLabel\FeatCityPopulationLabel.csproj", "{471B97AD-9572-49F7-B22B-1D550C2CE4E6}"
EndProject
Global
	GlobalSection(SolutionConfigurationPlatforms) = preSolution
		Debug|Any CPU = Debug|Any CPU
		Release|Any CPU = Release|Any CPU
	EndGlobalSection
	GlobalSection(ProjectConfigurationPlatforms) = postSolution
		{EA817A66-B866-49A2-9994-8ED1A18F9B47}.Debug|Any CPU.ActiveCfg = Debug|Any CPU
		{EA817A66-B866-49A2-9994-8ED1A18F9B47}.Debug|Any CPU.Build.0 = Debug|Any CPU
		{EA817A66-B866-49A2-9994-8ED1A18F9B47}.Release|Any CPU.ActiveCfg = Release|Any CPU
		{EA817A66-B866-49A2-9994-8ED1A18F9B47}.Release|Any CPU.Build.0 = Release|Any CPU
		{E58044C8-684D-4949-A4F8-62388CC4700A}.Debug|Any CPU.ActiveCfg = Debug|Any CPU
		{E58044C8-684D-4949-A4F8-62388CC4700A}.Debug|Any CPU.Build.0 = Debug|Any CPU
		{E58044C8-684D-4949-A4F8-62388CC4700A}.Release|Any CPU.ActiveCfg = Release|Any CPU
		{E58044C8-684D-4949-A4F8-62388CC4700A}.Release|Any CPU.Build.0 = Release|Any CPU
		{AB5DBF6D-7CC5-4DC9-B3C7-3E0C0C079E78}.Debug|Any CPU.ActiveCfg = Debug|Any CPU
		{AB5DBF6D-7CC5-4DC9-B3C7-3E0C0C079E78}.Debug|Any CPU.Build.0 = Debug|Any CPU
		{AB5DBF6D-7CC5-4DC9-B3C7-3E0C0C079E78}.Release|Any CPU.ActiveCfg = Release|Any CPU
		{AB5DBF6D-7CC5-4DC9-B3C7-3E0C0C079E78}.Release|Any CPU.Build.0 = Release|Any CPU
		{8F76FEB9-B66E-40FB-8BF6-F0B3D20BDB64}.Debug|Any CPU.ActiveCfg = Debug|Any CPU
		{8F76FEB9-B66E-40FB-8BF6-F0B3D20BDB64}.Debug|Any CPU.Build.0 = Debug|Any CPU
		{8F76FEB9-B66E-40FB-8BF6-F0B3D20BDB64}.Release|Any CPU.ActiveCfg = Release|Any CPU
		{8F76FEB9-B66E-40FB-8BF6-F0B3D20BDB64}.Release|Any CPU.Build.0 = Release|Any CPU
		{2E3D882F-8CBA-40C2-9E33-E6F54FA63B8A}.Debug|Any CPU.ActiveCfg = Debug|Any CPU
		{2E3D882F-8CBA-40C2-9E33-E6F54FA63B8A}.Debug|Any CPU.Build.0 = Debug|Any CPU
		{2E3D882F-8CBA-40C2-9E33-E6F54FA63B8A}.Release|Any CPU.ActiveCfg = Release|Any CPU
		{2E3D882F-8CBA-40C2-9E33-E6F54FA63B8A}.Release|Any CPU.Build.0 = Release|Any CPU
		{2434F5BC-4FF4-4DBE-AB69-75C6CA2C57A2}.Debug|Any CPU.ActiveCfg = Debug|Any CPU
		{2434F5BC-4FF4-4DBE-AB69-75C6CA2C57A2}.Debug|Any CPU.Build.0 = Debug|Any CPU
		{2434F5BC-4FF4-4DBE-AB69-75C6CA2C57A2}.Release|Any CPU.ActiveCfg = Release|Any CPU
		{2434F5BC-4FF4-4DBE-AB69-75C6CA2C57A2}.Release|Any CPU.Build.0 = Release|Any CPU
		{F2978D74-1388-447F-81A3-EEF3F845FC46}.Debug|Any CPU.ActiveCfg = Debug|Any CPU
		{F2978D74-1388-447F-81A3-EEF3F845FC46}.Debug|Any CPU.Build.0 = Debug|Any CPU
		{F2978D74-1388-447F-81A3-EEF3F845FC46}.Release|Any CPU.ActiveCfg = Release|Any CPU
		{F2978D74-1388-447F-81A3-EEF3F845FC46}.Release|Any CPU.Build.0 = Release|Any CPU
		{A8F35088-EDDC-443C-9633-F5A68922CA85}.Debug|Any CPU.ActiveCfg = Debug|Any CPU
		{A8F35088-EDDC-443C-9633-F5A68922CA85}.Debug|Any CPU.Build.0 = Debug|Any CPU
		{A8F35088-EDDC-443C-9633-F5A68922CA85}.Release|Any CPU.ActiveCfg = Release|Any CPU
		{A8F35088-EDDC-443C-9633-F5A68922CA85}.Release|Any CPU.Build.0 = Release|Any CPU
		{7872F059-93D9-4566-A59C-7483FF0456E7}.Debug|Any CPU.ActiveCfg = Debug|Any CPU
		{7872F059-93D9-4566-A59C-7483FF0456E7}.Debug|Any CPU.Build.0 = Debug|Any CPU
		{7872F059-93D9-4566-A59C-7483FF0456E7}.Release|Any CPU.ActiveCfg = Release|Any CPU
		{7872F059-93D9-4566-A59C-7483FF0456E7}.Release|Any CPU.Build.0 = Release|Any CPU
		{C98AC232-0668-4FE4-9374-83431B0BAA80}.Debug|Any CPU.ActiveCfg = Debug|Any CPU
		{C98AC232-0668-4FE4-9374-83431B0BAA80}.Debug|Any CPU.Build.0 = Debug|Any CPU
		{C98AC232-0668-4FE4-9374-83431B0BAA80}.Release|Any CPU.ActiveCfg = Release|Any CPU
		{C98AC232-0668-4FE4-9374-83431B0BAA80}.Release|Any CPU.Build.0 = Release|Any CPU
		{73D50B9B-498D-4EBD-9C32-F0AE38B20597}.Debug|Any CPU.ActiveCfg = Debug|Any CPU
		{73D50B9B-498D-4EBD-9C32-F0AE38B20597}.Debug|Any CPU.Build.0 = Debug|Any CPU
		{73D50B9B-498D-4EBD-9C32-F0AE38B20597}.Release|Any CPU.ActiveCfg = Release|Any CPU
		{73D50B9B-498D-4EBD-9C32-F0AE38B20597}.Release|Any CPU.Build.0 = Release|Any CPU
		{2165A9AE-D505-46B0-9257-C762A42B2971}.Debug|Any CPU.ActiveCfg = Debug|Any CPU
		{2165A9AE-D505-46B0-9257-C762A42B2971}.Debug|Any CPU.Build.0 = Debug|Any CPU
		{2165A9AE-D505-46B0-9257-C762A42B2971}.Release|Any CPU.ActiveCfg = Release|Any CPU
		{2165A9AE-D505-46B0-9257-C762A42B2971}.Release|Any CPU.Build.0 = Release|Any CPU
		{635F05AD-81BA-48E1-B177-CB5DC4877745}.Debug|Any CPU.ActiveCfg = Debug|Any CPU
		{635F05AD-81BA-48E1-B177-CB5DC4877745}.Debug|Any CPU.Build.0 = Debug|Any CPU
		{635F05AD-81BA-48E1-B177-CB5DC4877745}.Release|Any CPU.ActiveCfg = Release|Any CPU
		{635F05AD-81BA-48E1-B177-CB5DC4877745}.Release|Any CPU.Build.0 = Release|Any CPU
		{5997288B-C4A4-48F6-A37E-F1B6366A2297}.Debug|Any CPU.ActiveCfg = Debug|Any CPU
		{5997288B-C4A4-48F6-A37E-F1B6366A2297}.Debug|Any CPU.Build.0 = Debug|Any CPU
		{5997288B-C4A4-48F6-A37E-F1B6366A2297}.Release|Any CPU.ActiveCfg = Release|Any CPU
		{5997288B-C4A4-48F6-A37E-F1B6366A2297}.Release|Any CPU.Build.0 = Release|Any CPU
		{C17479B2-DFC8-46EF-AA88-5E3988DB1DD1}.Debug|Any CPU.ActiveCfg = Debug|Any CPU
		{C17479B2-DFC8-46EF-AA88-5E3988DB1DD1}.Debug|Any CPU.Build.0 = Debug|Any CPU
		{C17479B2-DFC8-46EF-AA88-5E3988DB1DD1}.Release|Any CPU.ActiveCfg = Release|Any CPU
		{C17479B2-DFC8-46EF-AA88-5E3988DB1DD1}.Release|Any CPU.Build.0 = Release|Any CPU
		{DB7F97CB-7F0D-427E-8E6F-F34F115B8A17}.Debug|Any CPU.ActiveCfg = Debug|Any CPU
		{DB7F97CB-7F0D-427E-8E6F-F34F115B8A17}.Debug|Any CPU.Build.0 = Debug|Any CPU
		{DB7F97CB-7F0D-427E-8E6F-F34F115B8A17}.Release|Any CPU.ActiveCfg = Release|Any CPU
		{DB7F97CB-7F0D-427E-8E6F-F34F115B8A17}.Release|Any CPU.Build.0 = Release|Any CPU
		{7E940243-A151-4CD7-98F4-BD66F3B33945}.Debug|Any CPU.ActiveCfg = Debug|Any CPU
		{7E940243-A151-4CD7-98F4-BD66F3B33945}.Debug|Any CPU.Build.0 = Debug|Any CPU
		{7E940243-A151-4CD7-98F4-BD66F3B33945}.Release|Any CPU.ActiveCfg = Release|Any CPU
		{7E940243-A151-4CD7-98F4-BD66F3B33945}.Release|Any CPU.Build.0 = Release|Any CPU
		{A393174F-C14A-4F97-8F99-EC06B02DE338}.Debug|Any CPU.ActiveCfg = Debug|Any CPU
		{A393174F-C14A-4F97-8F99-EC06B02DE338}.Debug|Any CPU.Build.0 = Debug|Any CPU
		{A393174F-C14A-4F97-8F99-EC06B02DE338}.Release|Any CPU.ActiveCfg = Release|Any CPU
		{A393174F-C14A-4F97-8F99-EC06B02DE338}.Release|Any CPU.Build.0 = Release|Any CPU
		{9BA4A2BC-F2D5-4DEE-A43C-05FB1307C254}.Debug|Any CPU.ActiveCfg = Debug|Any CPU
		{9BA4A2BC-F2D5-4DEE-A43C-05FB1307C254}.Debug|Any CPU.Build.0 = Debug|Any CPU
		{9BA4A2BC-F2D5-4DEE-A43C-05FB1307C254}.Release|Any CPU.ActiveCfg = Release|Any CPU
		{9BA4A2BC-F2D5-4DEE-A43C-05FB1307C254}.Release|Any CPU.Build.0 = Release|Any CPU
		{471B97AD-9572-49F7-B22B-1D550C2CE4E6}.Debug|Any CPU.ActiveCfg = Debug|Any CPU
		{471B97AD-9572-49F7-B22B-1D550C2CE4E6}.Debug|Any CPU.Build.0 = Debug|Any CPU
		{471B97AD-9572-49F7-B22B-1D550C2CE4E6}.Release|Any CPU.ActiveCfg = Release|Any CPU
		{471B97AD-9572-49F7-B22B-1D550C2CE4E6}.Release|Any CPU.Build.0 = Release|Any CPU
	EndGlobalSection
	GlobalSection(SolutionProperties) = preSolution
		HideSolutionNode = FALSE
	EndGlobalSection
	GlobalSection(ExtensibilityGlobals) = postSolution
		SolutionGuid = {CC4327CC-D996-4F05-928D-5DAC2DB732B6}
	EndGlobalSection
EndGlobal
